
Microsoft Visual Studio Solution File, Format Version 12.00
# Visual Studio Version 17
VisualStudioVersion = 17.4.33122.133
MinimumVisualStudioVersion = 10.0.40219.1
Project("{FAE04EC0-301F-11D3-BF4B-00C04F79EFBC}") = "MvcMovie", "MvcMovie.csproj", "{69BFD078-212D-4B36-AE69-2797D2E23E88}"
EndProject
Global
	GlobalSection(SolutionConfigurationPlatforms) = preSolution
		Debug|Any CPU = Debug|Any CPU
		Release|Any CPU = Release|Any CPU
	EndGlobalSection
	GlobalSection(ProjectConfigurationPlatforms) = postSolution
		{69BFD078-212D-4B36-AE69-2797D2E23E88}.Debug|Any CPU.ActiveCfg = Debug|Any CPU
		{69BFD078-212D-4B36-AE69-2797D2E23E88}.Debug|Any CPU.Build.0 = Debug|Any CPU
		{69BFD078-212D-4B36-AE69-2797D2E23E88}.Release|Any CPU.ActiveCfg = Release|Any CPU
		{69BFD078-212D-4B36-AE69-2797D2E23E88}.Release|Any CPU.Build.0 = Release|Any CPU
	EndGlobalSection
	GlobalSection(SolutionProperties) = preSolution
		HideSolutionNode = FALSE
	EndGlobalSection
	GlobalSection(ExtensibilityGlobals) = postSolution
		SolutionGuid = {77D797D9-FE55-4C62-8249-8C037C475CE8}
	EndGlobalSection
EndGlobal
